
Microsoft Visual Studio Solution File, Format Version 12.00
# Visual Studio Version 16
VisualStudioVersion = 16.0.30114.105
MinimumVisualStudioVersion = 10.0.40219.1
Project("{FAE04EC0-301F-11D3-BF4B-00C04F79EFBC}") = "StackLayout1.Android", "StackLayout1.Android\StackLayout1.Android.csproj", "{26FFC698-8DE3-4C21-9E97-9EAC3C113850}"
EndProject
Project("{FAE04EC0-301F-11D3-BF4B-00C04F79EFBC}") = "StackLayout1.iOS", "StackLayout1.iOS\StackLayout1.iOS.csproj", "{29168C0B-A88C-49D0-8830-458A10514F3F}"
EndProject
Project("{FAE04EC0-301F-11D3-BF4B-00C04F79EFBC}") = "StackLayout1", "StackLayout1\StackLayout1.csproj", "{EE30CB13-67B8-4310-A6FD-6EC2A445A7BE}"
EndProject
Global
	GlobalSection(SolutionConfigurationPlatforms) = preSolution
		Debug|Any CPU = Debug|Any CPU
		Debug|iPhone = Debug|iPhone
		Debug|iPhoneSimulator = Debug|iPhoneSimulator
		Release|Any CPU = Release|Any CPU
		Release|iPhone = Release|iPhone
		Release|iPhoneSimulator = Release|iPhoneSimulator
	EndGlobalSection
	GlobalSection(ProjectConfigurationPlatforms) = postSolution
		{26FFC698-8DE3-4C21-9E97-9EAC3C113850}.Debug|Any CPU.ActiveCfg = Debug|Any CPU
		{26FFC698-8DE3-4C21-9E97-9EAC3C113850}.Debug|Any CPU.Build.0 = Debug|Any CPU
		{26FFC698-8DE3-4C21-9E97-9EAC3C113850}.Debug|Any CPU.Deploy.0 = Debug|Any CPU
		{26FFC698-8DE3-4C21-9E97-9EAC3C113850}.Debug|iPhone.ActiveCfg = Debug|Any CPU
		{26FFC698-8DE3-4C21-9E97-9EAC3C113850}.Debug|iPhone.Build.0 = Debug|Any CPU
		{26FFC698-8DE3-4C21-9E97-9EAC3C113850}.Debug|iPhone.Deploy.0 = Debug|Any CPU
		{26FFC698-8DE3-4C21-9E97-9EAC3C113850}.Debug|iPhoneSimulator.ActiveCfg = Debug|Any CPU
		{26FFC698-8DE3-4C21-9E97-9EAC3C113850}.Debug|iPhoneSimulator.Build.0 = Debug|Any CPU
		{26FFC698-8DE3-4C21-9E97-9EAC3C113850}.Debug|iPhoneSimulator.Deploy.0 = Debug|Any CPU
		{26FFC698-8DE3-4C21-9E97-9EAC3C113850}.Release|Any CPU.ActiveCfg = Release|Any CPU
		{26FFC698-8DE3-4C21-9E97-9EAC3C113850}.Release|Any CPU.Build.0 = Release|Any CPU
		{26FFC698-8DE3-4C21-9E97-9EAC3C113850}.Release|Any CPU.Deploy.0 = Release|Any CPU
		{26FFC698-8DE3-4C21-9E97-9EAC3C113850}.Release|iPhone.ActiveCfg = Release|Any CPU
		{26FFC698-8DE3-4C21-9E97-9EAC3C113850}.Release|iPhone.Build.0 = Release|Any CPU
		{26FFC698-8DE3-4C21-9E97-9EAC3C113850}.Release|iPhone.Deploy.0 = Release|Any CPU
		{26FFC698-8DE3-4C21-9E97-9EAC3C113850}.Release|iPhoneSimulator.ActiveCfg = Release|Any CPU
		{26FFC698-8DE3-4C21-9E97-9EAC3C113850}.Release|iPhoneSimulator.Build.0 = Release|Any CPU
		{26FFC698-8DE3-4C21-9E97-9EAC3C113850}.Release|iPhoneSimulator.Deploy.0 = Release|Any CPU
		{29168C0B-A88C-49D0-8830-458A10514F3F}.Debug|Any CPU.ActiveCfg = Debug|iPhone
		{29168C0B-A88C-49D0-8830-458A10514F3F}.Debug|Any CPU.Build.0 = Debug|iPhone
		{29168C0B-A88C-49D0-8830-458A10514F3F}.Debug|Any CPU.Deploy.0 = Debug|iPhone
		{29168C0B-A88C-49D0-8830-458A10514F3F}.Debug|iPhone.ActiveCfg = Debug|iPhone
		{29168C0B-A88C-49D0-8830-458A10514F3F}.Debug|iPhone.Build.0 = Debug|iPhone
		{29168C0B-A88C-49D0-8830-458A10514F3F}.Debug|iPhone.Deploy.0 = Debug|iPhone
		{29168C0B-A88C-49D0-8830-458A10514F3F}.Debug|iPhoneSimulator.ActiveCfg = Debug|iPhoneSimulator
		{29168C0B-A88C-49D0-8830-458A10514F3F}.Debug|iPhoneSimulator.Build.0 = Debug|iPhoneSimulator
		{29168C0B-A88C-49D0-8830-458A10514F3F}.Debug|iPhoneSimulator.Deploy.0 = Debug|iPhoneSimulator
		{29168C0B-A88C-49D0-8830-458A10514F3F}.Release|Any CPU.ActiveCfg = Release|iPhone
		{29168C0B-A88C-49D0-8830-458A10514F3F}.Release|Any CPU.Build.0 = Release|iPhone
		{29168C0B-A88C-49D0-8830-458A10514F3F}.Release|Any CPU.Deploy.0 = Release|iPhone
		{29168C0B-A88C-49D0-8830-458A10514F3F}.Release|iPhone.ActiveCfg = Release|iPhone
		{29168C0B-A88C-49D0-8830-458A10514F3F}.Release|iPhone.Build.0 = Release|iPhone
		{29168C0B-A88C-49D0-8830-458A10514F3F}.Release|iPhone.Deploy.0 = Release|iPhone
		{29168C0B-A88C-49D0-8830-458A10514F3F}.Release|iPhoneSimulator.ActiveCfg = Release|iPhoneSimulator
		{29168C0B-A88C-49D0-8830-458A10514F3F}.Release|iPhoneSimulator.Build.0 = Release|iPhoneSimulator
		{29168C0B-A88C-49D0-8830-458A10514F3F}.Release|iPhoneSimulator.Deploy.0 = Release|iPhoneSimulator
		{EE30CB13-67B8-4310-A6FD-6EC2A445A7BE}.Debug|Any CPU.ActiveCfg = Debug|Any CPU
		{EE30CB13-67B8-4310-A6FD-6EC2A445A7BE}.Debug|Any CPU.Build.0 = Debug|Any CPU
		{EE30CB13-67B8-4310-A6FD-6EC2A445A7BE}.Debug|Any CPU.Deploy.0 = Debug|Any CPU
		{EE30CB13-67B8-4310-A6FD-6EC2A445A7BE}.Debug|iPhone.ActiveCfg = Debug|Any CPU
		{EE30CB13-67B8-4310-A6FD-6EC2A445A7BE}.Debug|iPhone.Build.0 = Debug|Any CPU
		{EE30CB13-67B8-4310-A6FD-6EC2A445A7BE}.Debug|iPhone.Deploy.0 = Debug|Any CPU
		{EE30CB13-67B8-4310-A6FD-6EC2A445A7BE}.Debug|iPhoneSimulator.ActiveCfg = Debug|Any CPU
		{EE30CB13-67B8-4310-A6FD-6EC2A445A7BE}.Debug|iPhoneSimulator.Build.0 = Debug|Any CPU
		{EE30CB13-67B8-4310-A6FD-6EC2A445A7BE}.Debug|iPhoneSimulator.Deploy.0 = Debug|Any CPU
		{EE30CB13-67B8-4310-A6FD-6EC2A445A7BE}.Release|Any CPU.ActiveCfg = Release|Any CPU
		{EE30CB13-67B8-4310-A6FD-6EC2A445A7BE}.Release|Any CPU.Build.0 = Release|Any CPU
		{EE30CB13-67B8-4310-A6FD-6EC2A445A7BE}.Release|Any CPU.Deploy.0 = Release|Any CPU
		{EE30CB13-67B8-4310-A6FD-6EC2A445A7BE}.Release|iPhone.ActiveCfg = Release|Any CPU
		{EE30CB13-67B8-4310-A6FD-6EC2A445A7BE}.Release|iPhone.Build.0 = Release|Any CPU
		{EE30CB13-67B8-4310-A6FD-6EC2A445A7BE}.Release|iPhone.Deploy.0 = Release|Any CPU
		{EE30CB13-67B8-4310-A6FD-6EC2A445A7BE}.Release|iPhoneSimulator.ActiveCfg = Release|Any CPU
		{EE30CB13-67B8-4310-A6FD-6EC2A445A7BE}.Release|iPhoneSimulator.Build.0 = Release|Any CPU
		{EE30CB13-67B8-4310-A6FD-6EC2A445A7BE}.Release|iPhoneSimulator.Deploy.0 = Release|Any CPU
	EndGlobalSection
	GlobalSection(SolutionProperties) = preSolution
		HideSolutionNode = FALSE
	EndGlobalSection
	GlobalSection(ExtensibilityGlobals) = postSolution
		SolutionGuid = {D4D46513-3F3B-4BA0-8199-0CE5A1FA140B}
	EndGlobalSection
EndGlobal
